
Microsoft Visual Studio Solution File, Format Version 12.00
# Visual Studio 15
Project("{FAE04EC0-301F-11D3-BF4B-00C04F79EFBC}") = "Assembly-CSharp", "Assembly-CSharp.csproj", "{6B7A90B7-D8DA-0D71-877B-64BCE623DA97}"
EndProject
Project("{FAE04EC0-301F-11D3-BF4B-00C04F79EFBC}") = "Assembly-CSharp-firstpass", "Assembly-CSharp-firstpass.csproj", "{64CEE2DC-B9EE-3F01-9F02-7DCC9B314CE0}"
EndProject
Project("{FAE04EC0-301F-11D3-BF4B-00C04F79EFBC}") = "Assembly-CSharp-Editor", "Assembly-CSharp-Editor.csproj", "{32C13327-4319-3B5C-7A5F-8CAC5A8C2D12}"
EndProject
Project("{FAE04EC0-301F-11D3-BF4B-00C04F79EFBC}") = "Assembly-CSharp-Editor-firstpass", "Assembly-CSharp-Editor-firstpass.csproj", "{C2DF359A-2A4C-50EA-FFAB-FD14F13E8ABE}"
EndProject
Global
	GlobalSection(SolutionConfigurationPlatforms) = preSolution
		Debug|Any CPU = Debug|Any CPU
		Release|Any CPU = Release|Any CPU
	EndGlobalSection
	GlobalSection(ProjectConfigurationPlatforms) = postSolution
		{6B7A90B7-D8DA-0D71-877B-64BCE623DA97}.Debug|Any CPU.ActiveCfg = Debug|Any CPU
		{6B7A90B7-D8DA-0D71-877B-64BCE623DA97}.Debug|Any CPU.Build.0 = Debug|Any CPU
		{6B7A90B7-D8DA-0D71-877B-64BCE623DA97}.Release|Any CPU.ActiveCfg = Release|Any CPU
		{6B7A90B7-D8DA-0D71-877B-64BCE623DA97}.Release|Any CPU.Build.0 = Release|Any CPU
		{64CEE2DC-B9EE-3F01-9F02-7DCC9B314CE0}.Debug|Any CPU.ActiveCfg = Debug|Any CPU
		{64CEE2DC-B9EE-3F01-9F02-7DCC9B314CE0}.Debug|Any CPU.Build.0 = Debug|Any CPU
		{64CEE2DC-B9EE-3F01-9F02-7DCC9B314CE0}.Release|Any CPU.ActiveCfg = Release|Any CPU
		{64CEE2DC-B9EE-3F01-9F02-7DCC9B314CE0}.Release|Any CPU.Build.0 = Release|Any CPU
		{32C13327-4319-3B5C-7A5F-8CAC5A8C2D12}.Debug|Any CPU.ActiveCfg = Debug|Any CPU
		{32C13327-4319-3B5C-7A5F-8CAC5A8C2D12}.Debug|Any CPU.Build.0 = Debug|Any CPU
		{32C13327-4319-3B5C-7A5F-8CAC5A8C2D12}.Release|Any CPU.ActiveCfg = Release|Any CPU
		{32C13327-4319-3B5C-7A5F-8CAC5A8C2D12}.Release|Any CPU.Build.0 = Release|Any CPU
		{C2DF359A-2A4C-50EA-FFAB-FD14F13E8ABE}.Debug|Any CPU.ActiveCfg = Debug|Any CPU
		{C2DF359A-2A4C-50EA-FFAB-FD14F13E8ABE}.Debug|Any CPU.Build.0 = Debug|Any CPU
		{C2DF359A-2A4C-50EA-FFAB-FD14F13E8ABE}.Release|Any CPU.ActiveCfg = Release|Any CPU
		{C2DF359A-2A4C-50EA-FFAB-FD14F13E8ABE}.Release|Any CPU.Build.0 = Release|Any CPU
	EndGlobalSection
	GlobalSection(SolutionProperties) = preSolution
		HideSolutionNode = FALSE
	EndGlobalSection
EndGlobal
